<?xml version="1.0" encoding="UTF-8"?>
<!DOCTYPE plist PUBLIC "-//Apple//DTD PLIST 1.0//EN" "http://www.apple.com/DTDs/PropertyList-1.0.dtd">
<plist version="1.0">
<dict>
	<key>archiveVersion</key>
	<string>1</string>
	<key>classes</key>
	<dict/>
	<key>objectVersion</key>
	<string>46</string>
	<key>objects</key>
	<dict>
		<key>0BFD8558DD12470AB2409F6A</key>
		<dict>
			<key>fileRef</key>
			<string>38F773F3CE0741AE9B08A802</string>
			<key>isa</key>
			<string>PBXBuildFile</string>
		</dict>
		<key>38F773F3CE0741AE9B08A802</key>
		<dict>
			<key>explicitFileType</key>
			<string>archive.ar</string>
			<key>includeInIndex</key>
			<string>0</string>
			<key>isa</key>
			<string>PBXFileReference</string>
			<key>path</key>
			<string>libPods.a</string>
			<key>sourceTree</key>
			<string>BUILT_PRODUCTS_DIR</string>
		</dict>
		<key>488CAAA9AEBF498B95636877</key>
		<dict>
			<key>buildActionMask</key>
			<string>2147483647</string>
			<key>files</key>
			<array/>
			<key>inputPaths</key>
			<array/>
			<key>isa</key>
			<string>PBXShellScriptBuildPhase</string>
			<key>name</key>
			<string>Copy Pods Resources</string>
			<key>outputPaths</key>
			<array/>
			<key>runOnlyForDeploymentPostprocessing</key>
			<string>0</string>
			<key>shellPath</key>
			<string>/bin/sh</string>
			<key>shellScript</key>
			<string>"${SRCROOT}/Pods/Pods-resources.sh"
</string>
			<key>showEnvVarsInLog</key>
			<string>0</string>
		</dict>
		<key>94DA147371834FC199109DD7</key>
		<dict>
			<key>includeInIndex</key>
			<string>1</string>
			<key>isa</key>
			<string>PBXFileReference</string>
			<key>lastKnownFileType</key>
			<string>text.xcconfig</string>
			<key>name</key>
			<string>Pods.xcconfig</string>
			<key>path</key>
			<string>Pods/Pods.xcconfig</string>
			<key>sourceTree</key>
			<string>&lt;group&gt;</string>
		</dict>
		<key>BA4F8DC319C7739300C816E3</key>
		<dict>
			<key>children</key>
			<array>
				<string>BA4F8DD519C7739300C816E3</string>
				<string>BA4F8DF719C7739300C816E3</string>
				<string>BA4F8DCE19C7739300C816E3</string>
				<string>BA4F8DCD19C7739300C816E3</string>
				<string>94DA147371834FC199109DD7</string>
			</array>
			<key>isa</key>
			<string>PBXGroup</string>
			<key>sourceTree</key>
			<string>&lt;group&gt;</string>
		</dict>
		<key>BA4F8DC419C7739300C816E3</key>
		<dict>
			<key>attributes</key>
			<dict>
				<key>CLASSPREFIX</key>
				<string>WP</string>
				<key>LastUpgradeCheck</key>
				<string>0510</string>
				<key>ORGANIZATIONNAME</key>
				<string>Blueprint</string>
				<key>TargetAttributes</key>
				<dict>
					<key>BA4F8DEF19C7739300C816E3</key>
					<dict>
						<key>TestTargetID</key>
						<string>BA4F8DCB19C7739300C816E3</string>
					</dict>
				</dict>
			</dict>
			<key>buildConfigurationList</key>
			<string>BA4F8DC719C7739300C816E3</string>
			<key>compatibilityVersion</key>
			<string>Xcode 3.2</string>
			<key>developmentRegion</key>
			<string>English</string>
			<key>hasScannedForEncodings</key>
			<string>0</string>
			<key>isa</key>
			<string>PBXProject</string>
			<key>knownRegions</key>
			<array>
				<string>en</string>
				<string>Base</string>
			</array>
			<key>mainGroup</key>
			<string>BA4F8DC319C7739300C816E3</string>
			<key>productRefGroup</key>
			<string>BA4F8DCD19C7739300C816E3</string>
			<key>projectDirPath</key>
			<string></string>
			<key>projectReferences</key>
			<array/>
			<key>projectRoot</key>
			<string></string>
			<key>targets</key>
			<array>
				<string>BA4F8DCB19C7739300C816E3</string>
				<string>BA4F8DEF19C7739300C816E3</string>
			</array>
		</dict>
		<key>BA4F8DC719C7739300C816E3</key>
		<dict>
			<key>buildConfigurations</key>
			<array>
				<string>BA4F8DFF19C7739300C816E3</string>
				<string>BA4F8E0019C7739300C816E3</string>
			</array>
			<key>defaultConfigurationIsVisible</key>
			<string>0</string>
			<key>defaultConfigurationName</key>
			<string>Release</string>
			<key>isa</key>
			<string>XCConfigurationList</string>
		</dict>
		<key>BA4F8DC819C7739300C816E3</key>
		<dict>
			<key>buildActionMask</key>
			<string>2147483647</string>
			<key>files</key>
			<array>
				<string>BA4F8DDC19C7739300C816E3</string>
				<string>BA4F8DE019C7739300C816E3</string>
				<string>BA4F8DE919C7739300C816E3</string>
			</array>
			<key>isa</key>
			<string>PBXSourcesBuildPhase</string>
			<key>runOnlyForDeploymentPostprocessing</key>
			<string>0</string>
		</dict>
		<key>BA4F8DC919C7739300C816E3</key>
		<dict>
			<key>buildActionMask</key>
			<string>2147483647</string>
			<key>files</key>
			<array>
				<string>BA4F8DD219C7739300C816E3</string>
				<string>BA4F8DD419C7739300C816E3</string>
				<string>BA4F8DD019C7739300C816E3</string>
				<string>0BFD8558DD12470AB2409F6A</string>
			</array>
			<key>isa</key>
			<string>PBXFrameworksBuildPhase</string>
			<key>runOnlyForDeploymentPostprocessing</key>
			<string>0</string>
		</dict>
		<key>BA4F8DCA19C7739300C816E3</key>
		<dict>
			<key>buildActionMask</key>
			<string>2147483647</string>
			<key>files</key>
			<array>
				<string>BA4F8DE619C7739300C816E3</string>
				<string>BA4F8DEB19C7739300C816E3</string>
				<string>BA4F8DE319C7739300C816E3</string>
				<string>BA4F8DDA19C7739300C816E3</string>
			</array>
			<key>isa</key>
			<string>PBXResourcesBuildPhase</string>
			<key>runOnlyForDeploymentPostprocessing</key>
			<string>0</string>
		</dict>
		<key>BA4F8DCB19C7739300C816E3</key>
		<dict>
			<key>buildConfigurationList</key>
			<string>BA4F8E0119C7739300C816E3</string>
			<key>buildPhases</key>
			<array>
				<string>D22910C603D04BEBA4C3EA0D</string>
				<string>BA4F8DC819C7739300C816E3</string>
				<string>BA4F8DC919C7739300C816E3</string>
				<string>BA4F8DCA19C7739300C816E3</string>
				<string>488CAAA9AEBF498B95636877</string>
			</array>
			<key>buildRules</key>
			<array/>
			<key>dependencies</key>
			<array/>
			<key>isa</key>
			<string>PBXNativeTarget</string>
			<key>name</key>
			<string>Watershed</string>
			<key>productName</key>
			<string>Watershed</string>
			<key>productReference</key>
			<string>BA4F8DCC19C7739300C816E3</string>
			<key>productType</key>
			<string>com.apple.product-type.application</string>
		</dict>
		<key>BA4F8DCC19C7739300C816E3</key>
		<dict>
			<key>explicitFileType</key>
			<string>wrapper.application</string>
			<key>includeInIndex</key>
			<string>0</string>
			<key>isa</key>
			<string>PBXFileReference</string>
			<key>path</key>
			<string>Watershed.app</string>
			<key>sourceTree</key>
			<string>BUILT_PRODUCTS_DIR</string>
		</dict>
		<key>BA4F8DCD19C7739300C816E3</key>
		<dict>
			<key>children</key>
			<array>
				<string>BA4F8DCC19C7739300C816E3</string>
				<string>BA4F8DF019C7739300C816E3</string>
			</array>
			<key>isa</key>
			<string>PBXGroup</string>
			<key>name</key>
			<string>Products</string>
			<key>sourceTree</key>
			<string>&lt;group&gt;</string>
		</dict>
		<key>BA4F8DCE19C7739300C816E3</key>
		<dict>
			<key>children</key>
			<array>
				<string>BA4F8DCF19C7739300C816E3</string>
				<string>BA4F8DD119C7739300C816E3</string>
				<string>BA4F8DD319C7739300C816E3</string>
				<string>BA4F8DF119C7739300C816E3</string>
				<string>38F773F3CE0741AE9B08A802</string>
			</array>
			<key>isa</key>
			<string>PBXGroup</string>
			<key>name</key>
			<string>Frameworks</string>
			<key>sourceTree</key>
			<string>&lt;group&gt;</string>
		</dict>
		<key>BA4F8DCF19C7739300C816E3</key>
		<dict>
			<key>isa</key>
			<string>PBXFileReference</string>
			<key>lastKnownFileType</key>
			<string>wrapper.framework</string>
			<key>name</key>
			<string>Foundation.framework</string>
			<key>path</key>
			<string>System/Library/Frameworks/Foundation.framework</string>
			<key>sourceTree</key>
			<string>SDKROOT</string>
		</dict>
		<key>BA4F8DD019C7739300C816E3</key>
		<dict>
			<key>fileRef</key>
			<string>BA4F8DCF19C7739300C816E3</string>
			<key>isa</key>
			<string>PBXBuildFile</string>
		</dict>
		<key>BA4F8DD119C7739300C816E3</key>
		<dict>
			<key>isa</key>
			<string>PBXFileReference</string>
			<key>lastKnownFileType</key>
			<string>wrapper.framework</string>
			<key>name</key>
			<string>CoreGraphics.framework</string>
			<key>path</key>
			<string>System/Library/Frameworks/CoreGraphics.framework</string>
			<key>sourceTree</key>
			<string>SDKROOT</string>
		</dict>
		<key>BA4F8DD219C7739300C816E3</key>
		<dict>
			<key>fileRef</key>
			<string>BA4F8DD119C7739300C816E3</string>
			<key>isa</key>
			<string>PBXBuildFile</string>
		</dict>
		<key>BA4F8DD319C7739300C816E3</key>
		<dict>
			<key>isa</key>
			<string>PBXFileReference</string>
			<key>lastKnownFileType</key>
			<string>wrapper.framework</string>
			<key>name</key>
			<string>UIKit.framework</string>
			<key>path</key>
			<string>System/Library/Frameworks/UIKit.framework</string>
			<key>sourceTree</key>
			<string>SDKROOT</string>
		</dict>
		<key>BA4F8DD419C7739300C816E3</key>
		<dict>
			<key>fileRef</key>
			<string>BA4F8DD319C7739300C816E3</string>
			<key>isa</key>
			<string>PBXBuildFile</string>
		</dict>
		<key>BA4F8DD519C7739300C816E3</key>
		<dict>
			<key>children</key>
			<array>
				<string>BA4F8DDE19C7739300C816E3</string>
				<string>BA4F8DDF19C7739300C816E3</string>
				<string>BA4F8DE119C7739300C816E3</string>
				<string>BA4F8DE419C7739300C816E3</string>
				<string>BA4F8DE719C7739300C816E3</string>
				<string>BA4F8DE819C7739300C816E3</string>
				<string>BA4F8DEA19C7739300C816E3</string>
				<string>BA4F8DD619C7739300C816E3</string>
			</array>
			<key>isa</key>
			<string>PBXGroup</string>
			<key>path</key>
			<string>Watershed</string>
			<key>sourceTree</key>
			<string>&lt;group&gt;</string>
		</dict>
		<key>BA4F8DD619C7739300C816E3</key>
		<dict>
			<key>children</key>
			<array>
				<string>BA4F8DD719C7739300C816E3</string>
				<string>BA4F8DD819C7739300C816E3</string>
				<string>BA4F8DDB19C7739300C816E3</string>
				<string>BA4F8DDD19C7739300C816E3</string>
			</array>
			<key>isa</key>
			<string>PBXGroup</string>
			<key>name</key>
			<string>Supporting Files</string>
			<key>sourceTree</key>
			<string>&lt;group&gt;</string>
		</dict>
		<key>BA4F8DD719C7739300C816E3</key>
		<dict>
			<key>isa</key>
			<string>PBXFileReference</string>
			<key>lastKnownFileType</key>
			<string>text.plist.xml</string>
			<key>path</key>
			<string>Watershed-Info.plist</string>
			<key>sourceTree</key>
			<string>&lt;group&gt;</string>
		</dict>
		<key>BA4F8DD819C7739300C816E3</key>
		<dict>
			<key>children</key>
			<array>
				<string>BA4F8DD919C7739300C816E3</string>
			</array>
			<key>isa</key>
			<string>PBXVariantGroup</string>
			<key>name</key>
			<string>InfoPlist.strings</string>
			<key>sourceTree</key>
			<string>&lt;group&gt;</string>
		</dict>
		<key>BA4F8DD919C7739300C816E3</key>
		<dict>
			<key>isa</key>
			<string>PBXFileReference</string>
			<key>lastKnownFileType</key>
			<string>text.plist.strings</string>
			<key>name</key>
			<string>en</string>
			<key>path</key>
			<string>en.lproj/InfoPlist.strings</string>
			<key>sourceTree</key>
			<string>&lt;group&gt;</string>
		</dict>
		<key>BA4F8DDA19C7739300C816E3</key>
		<dict>
			<key>fileRef</key>
			<string>BA4F8DD819C7739300C816E3</string>
			<key>isa</key>
			<string>PBXBuildFile</string>
		</dict>
		<key>BA4F8DDB19C7739300C816E3</key>
		<dict>
			<key>isa</key>
			<string>PBXFileReference</string>
			<key>lastKnownFileType</key>
			<string>sourcecode.c.objc</string>
			<key>path</key>
			<string>main.m</string>
			<key>sourceTree</key>
			<string>&lt;group&gt;</string>
		</dict>
		<key>BA4F8DDC19C7739300C816E3</key>
		<dict>
			<key>fileRef</key>
			<string>BA4F8DDB19C7739300C816E3</string>
			<key>isa</key>
			<string>PBXBuildFile</string>
		</dict>
		<key>BA4F8DDD19C7739300C816E3</key>
		<dict>
			<key>isa</key>
			<string>PBXFileReference</string>
			<key>lastKnownFileType</key>
			<string>sourcecode.c.h</string>
			<key>path</key>
			<string>Watershed-Prefix.pch</string>
			<key>sourceTree</key>
			<string>&lt;group&gt;</string>
		</dict>
		<key>BA4F8DDE19C7739300C816E3</key>
		<dict>
			<key>isa</key>
			<string>PBXFileReference</string>
			<key>lastKnownFileType</key>
			<string>sourcecode.c.h</string>
			<key>path</key>
			<string>WPAppDelegate.h</string>
			<key>sourceTree</key>
			<string>&lt;group&gt;</string>
		</dict>
		<key>BA4F8DDF19C7739300C816E3</key>
		<dict>
			<key>isa</key>
			<string>PBXFileReference</string>
			<key>lastKnownFileType</key>
			<string>sourcecode.c.objc</string>
			<key>path</key>
			<string>WPAppDelegate.m</string>
			<key>sourceTree</key>
			<string>&lt;group&gt;</string>
		</dict>
		<key>BA4F8DE019C7739300C816E3</key>
		<dict>
			<key>fileRef</key>
			<string>BA4F8DDF19C7739300C816E3</string>
			<key>isa</key>
			<string>PBXBuildFile</string>
		</dict>
		<key>BA4F8DE119C7739300C816E3</key>
		<dict>
			<key>children</key>
			<array>
				<string>BA4F8DE219C7739300C816E3</string>
			</array>
			<key>isa</key>
			<string>PBXVariantGroup</string>
			<key>name</key>
			<string>Main_iPhone.storyboard</string>
			<key>sourceTree</key>
			<string>&lt;group&gt;</string>
		</dict>
		<key>BA4F8DE219C7739300C816E3</key>
		<dict>
			<key>isa</key>
			<string>PBXFileReference</string>
			<key>lastKnownFileType</key>
			<string>file.storyboard</string>
			<key>name</key>
			<string>Base</string>
			<key>path</key>
			<string>Base.lproj/Main_iPhone.storyboard</string>
			<key>sourceTree</key>
			<string>&lt;group&gt;</string>
		</dict>
		<key>BA4F8DE319C7739300C816E3</key>
		<dict>
			<key>fileRef</key>
			<string>BA4F8DE119C7739300C816E3</string>
			<key>isa</key>
			<string>PBXBuildFile</string>
		</dict>
		<key>BA4F8DE419C7739300C816E3</key>
		<dict>
			<key>children</key>
			<array>
				<string>BA4F8DE519C7739300C816E3</string>
			</array>
			<key>isa</key>
			<string>PBXVariantGroup</string>
			<key>name</key>
			<string>Main_iPad.storyboard</string>
			<key>sourceTree</key>
			<string>&lt;group&gt;</string>
		</dict>
		<key>BA4F8DE519C7739300C816E3</key>
		<dict>
			<key>isa</key>
			<string>PBXFileReference</string>
			<key>lastKnownFileType</key>
			<string>file.storyboard</string>
			<key>name</key>
			<string>Base</string>
			<key>path</key>
			<string>Base.lproj/Main_iPad.storyboard</string>
			<key>sourceTree</key>
			<string>&lt;group&gt;</string>
		</dict>
		<key>BA4F8DE619C7739300C816E3</key>
		<dict>
			<key>fileRef</key>
			<string>BA4F8DE419C7739300C816E3</string>
			<key>isa</key>
			<string>PBXBuildFile</string>
		</dict>
		<key>BA4F8DE719C7739300C816E3</key>
		<dict>
			<key>isa</key>
			<string>PBXFileReference</string>
			<key>lastKnownFileType</key>
			<string>sourcecode.c.h</string>
			<key>path</key>
			<string>WPViewController.h</string>
			<key>sourceTree</key>
			<string>&lt;group&gt;</string>
		</dict>
		<key>BA4F8DE819C7739300C816E3</key>
		<dict>
			<key>isa</key>
			<string>PBXFileReference</string>
			<key>lastKnownFileType</key>
			<string>sourcecode.c.objc</string>
			<key>path</key>
			<string>WPViewController.m</string>
			<key>sourceTree</key>
			<string>&lt;group&gt;</string>
		</dict>
		<key>BA4F8DE919C7739300C816E3</key>
		<dict>
			<key>fileRef</key>
			<string>BA4F8DE819C7739300C816E3</string>
			<key>isa</key>
			<string>PBXBuildFile</string>
		</dict>
		<key>BA4F8DEA19C7739300C816E3</key>
		<dict>
			<key>isa</key>
			<string>PBXFileReference</string>
			<key>lastKnownFileType</key>
			<string>folder.assetcatalog</string>
			<key>path</key>
			<string>Images.xcassets</string>
			<key>sourceTree</key>
			<string>&lt;group&gt;</string>
		</dict>
		<key>BA4F8DEB19C7739300C816E3</key>
		<dict>
			<key>fileRef</key>
			<string>BA4F8DEA19C7739300C816E3</string>
			<key>isa</key>
			<string>PBXBuildFile</string>
		</dict>
		<key>BA4F8DEC19C7739300C816E3</key>
		<dict>
			<key>buildActionMask</key>
			<string>2147483647</string>
			<key>files</key>
			<array>
				<string>BA4F8DFE19C7739300C816E3</string>
			</array>
			<key>isa</key>
			<string>PBXSourcesBuildPhase</string>
			<key>runOnlyForDeploymentPostprocessing</key>
			<string>0</string>
		</dict>
		<key>BA4F8DED19C7739300C816E3</key>
		<dict>
			<key>buildActionMask</key>
			<string>2147483647</string>
			<key>files</key>
			<array>
				<string>BA4F8DF219C7739300C816E3</string>
				<string>BA4F8DF419C7739300C816E3</string>
				<string>BA4F8DF319C7739300C816E3</string>
			</array>
			<key>isa</key>
			<string>PBXFrameworksBuildPhase</string>
			<key>runOnlyForDeploymentPostprocessing</key>
			<string>0</string>
		</dict>
		<key>BA4F8DEE19C7739300C816E3</key>
		<dict>
			<key>buildActionMask</key>
			<string>2147483647</string>
			<key>files</key>
			<array>
				<string>BA4F8DFC19C7739300C816E3</string>
			</array>
			<key>isa</key>
			<string>PBXResourcesBuildPhase</string>
			<key>runOnlyForDeploymentPostprocessing</key>
			<string>0</string>
		</dict>
		<key>BA4F8DEF19C7739300C816E3</key>
		<dict>
			<key>buildConfigurationList</key>
			<string>BA4F8E0419C7739300C816E3</string>
			<key>buildPhases</key>
			<array>
				<string>BA4F8DEC19C7739300C816E3</string>
				<string>BA4F8DED19C7739300C816E3</string>
				<string>BA4F8DEE19C7739300C816E3</string>
			</array>
			<key>buildRules</key>
			<array/>
			<key>dependencies</key>
			<array>
				<string>BA4F8DF619C7739300C816E3</string>
			</array>
			<key>isa</key>
			<string>PBXNativeTarget</string>
			<key>name</key>
			<string>WatershedTests</string>
			<key>productName</key>
			<string>WatershedTests</string>
			<key>productReference</key>
			<string>BA4F8DF019C7739300C816E3</string>
			<key>productType</key>
			<string>com.apple.product-type.bundle.unit-test</string>
		</dict>
		<key>BA4F8DF019C7739300C816E3</key>
		<dict>
			<key>explicitFileType</key>
			<string>wrapper.cfbundle</string>
			<key>includeInIndex</key>
			<string>0</string>
			<key>isa</key>
			<string>PBXFileReference</string>
			<key>path</key>
			<string>WatershedTests.xctest</string>
			<key>sourceTree</key>
			<string>BUILT_PRODUCTS_DIR</string>
		</dict>
		<key>BA4F8DF119C7739300C816E3</key>
		<dict>
			<key>isa</key>
			<string>PBXFileReference</string>
			<key>lastKnownFileType</key>
			<string>wrapper.framework</string>
			<key>name</key>
			<string>XCTest.framework</string>
			<key>path</key>
			<string>Library/Frameworks/XCTest.framework</string>
			<key>sourceTree</key>
			<string>DEVELOPER_DIR</string>
		</dict>
		<key>BA4F8DF219C7739300C816E3</key>
		<dict>
			<key>fileRef</key>
			<string>BA4F8DF119C7739300C816E3</string>
			<key>isa</key>
			<string>PBXBuildFile</string>
		</dict>
		<key>BA4F8DF319C7739300C816E3</key>
		<dict>
			<key>fileRef</key>
			<string>BA4F8DCF19C7739300C816E3</string>
			<key>isa</key>
			<string>PBXBuildFile</string>
		</dict>
		<key>BA4F8DF419C7739300C816E3</key>
		<dict>
			<key>fileRef</key>
			<string>BA4F8DD319C7739300C816E3</string>
			<key>isa</key>
			<string>PBXBuildFile</string>
		</dict>
		<key>BA4F8DF519C7739300C816E3</key>
		<dict>
			<key>containerPortal</key>
			<string>BA4F8DC419C7739300C816E3</string>
			<key>isa</key>
			<string>PBXContainerItemProxy</string>
			<key>proxyType</key>
			<string>1</string>
			<key>remoteGlobalIDString</key>
			<string>BA4F8DCB19C7739300C816E3</string>
			<key>remoteInfo</key>
			<string>Watershed</string>
		</dict>
		<key>BA4F8DF619C7739300C816E3</key>
		<dict>
			<key>isa</key>
			<string>PBXTargetDependency</string>
			<key>target</key>
			<string>BA4F8DCB19C7739300C816E3</string>
			<key>targetProxy</key>
			<string>BA4F8DF519C7739300C816E3</string>
		</dict>
		<key>BA4F8DF719C7739300C816E3</key>
		<dict>
			<key>children</key>
			<array>
				<string>BA4F8DFD19C7739300C816E3</string>
				<string>BA4F8DF819C7739300C816E3</string>
			</array>
			<key>isa</key>
			<string>PBXGroup</string>
			<key>path</key>
			<string>WatershedTests</string>
			<key>sourceTree</key>
			<string>&lt;group&gt;</string>
		</dict>
		<key>BA4F8DF819C7739300C816E3</key>
		<dict>
			<key>children</key>
			<array>
				<string>BA4F8DF919C7739300C816E3</string>
				<string>BA4F8DFA19C7739300C816E3</string>
			</array>
			<key>isa</key>
			<string>PBXGroup</string>
			<key>name</key>
			<string>Supporting Files</string>
			<key>sourceTree</key>
			<string>&lt;group&gt;</string>
		</dict>
		<key>BA4F8DF919C7739300C816E3</key>
		<dict>
			<key>isa</key>
			<string>PBXFileReference</string>
			<key>lastKnownFileType</key>
			<string>text.plist.xml</string>
			<key>path</key>
			<string>WatershedTests-Info.plist</string>
			<key>sourceTree</key>
			<string>&lt;group&gt;</string>
		</dict>
		<key>BA4F8DFA19C7739300C816E3</key>
		<dict>
			<key>children</key>
			<array>
				<string>BA4F8DFB19C7739300C816E3</string>
			</array>
			<key>isa</key>
			<string>PBXVariantGroup</string>
			<key>name</key>
			<string>InfoPlist.strings</string>
			<key>sourceTree</key>
			<string>&lt;group&gt;</string>
		</dict>
		<key>BA4F8DFB19C7739300C816E3</key>
		<dict>
			<key>isa</key>
			<string>PBXFileReference</string>
			<key>lastKnownFileType</key>
			<string>text.plist.strings</string>
			<key>name</key>
			<string>en</string>
			<key>path</key>
			<string>en.lproj/InfoPlist.strings</string>
			<key>sourceTree</key>
			<string>&lt;group&gt;</string>
		</dict>
		<key>BA4F8DFC19C7739300C816E3</key>
		<dict>
			<key>fileRef</key>
			<string>BA4F8DFA19C7739300C816E3</string>
			<key>isa</key>
			<string>PBXBuildFile</string>
		</dict>
		<key>BA4F8DFD19C7739300C816E3</key>
		<dict>
			<key>isa</key>
			<string>PBXFileReference</string>
			<key>lastKnownFileType</key>
			<string>sourcecode.c.objc</string>
			<key>path</key>
			<string>WatershedTests.m</string>
			<key>sourceTree</key>
			<string>&lt;group&gt;</string>
		</dict>
		<key>BA4F8DFE19C7739300C816E3</key>
		<dict>
			<key>fileRef</key>
			<string>BA4F8DFD19C7739300C816E3</string>
			<key>isa</key>
			<string>PBXBuildFile</string>
		</dict>
		<key>BA4F8DFF19C7739300C816E3</key>
		<dict>
			<key>buildSettings</key>
			<dict>
				<key>ALWAYS_SEARCH_USER_PATHS</key>
				<string>NO</string>
				<key>CLANG_CXX_LANGUAGE_STANDARD</key>
				<string>gnu++0x</string>
				<key>CLANG_CXX_LIBRARY</key>
				<string>libc++</string>
				<key>CLANG_ENABLE_MODULES</key>
				<string>YES</string>
				<key>CLANG_ENABLE_OBJC_ARC</key>
				<string>YES</string>
				<key>CLANG_WARN_BOOL_CONVERSION</key>
				<string>YES</string>
				<key>CLANG_WARN_CONSTANT_CONVERSION</key>
				<string>YES</string>
				<key>CLANG_WARN_DIRECT_OBJC_ISA_USAGE</key>
				<string>YES_ERROR</string>
				<key>CLANG_WARN_EMPTY_BODY</key>
				<string>YES</string>
				<key>CLANG_WARN_ENUM_CONVERSION</key>
				<string>YES</string>
				<key>CLANG_WARN_INT_CONVERSION</key>
				<string>YES</string>
				<key>CLANG_WARN_OBJC_ROOT_CLASS</key>
				<string>YES_ERROR</string>
				<key>CLANG_WARN__DUPLICATE_METHOD_MATCH</key>
				<string>YES</string>
				<key>CODE_SIGN_IDENTITY[sdk=iphoneos*]</key>
				<string>iPhone Developer</string>
				<key>COPY_PHASE_STRIP</key>
				<string>NO</string>
				<key>GCC_C_LANGUAGE_STANDARD</key>
				<string>gnu99</string>
				<key>GCC_DYNAMIC_NO_PIC</key>
				<string>NO</string>
				<key>GCC_OPTIMIZATION_LEVEL</key>
				<string>0</string>
				<key>GCC_PREPROCESSOR_DEFINITIONS</key>
				<array>
					<string>DEBUG=1</string>
					<string>$(inherited)</string>
				</array>
				<key>GCC_SYMBOLS_PRIVATE_EXTERN</key>
				<string>NO</string>
				<key>GCC_WARN_64_TO_32_BIT_CONVERSION</key>
				<string>YES</string>
				<key>GCC_WARN_ABOUT_RETURN_TYPE</key>
				<string>YES_ERROR</string>
				<key>GCC_WARN_UNDECLARED_SELECTOR</key>
				<string>YES</string>
				<key>GCC_WARN_UNINITIALIZED_AUTOS</key>
				<string>YES_AGGRESSIVE</string>
				<key>GCC_WARN_UNUSED_FUNCTION</key>
				<string>YES</string>
				<key>GCC_WARN_UNUSED_VARIABLE</key>
				<string>YES</string>
				<key>IPHONEOS_DEPLOYMENT_TARGET</key>
				<string>7.1</string>
				<key>ONLY_ACTIVE_ARCH</key>
				<string>YES</string>
				<key>SDKROOT</key>
				<string>iphoneos</string>
				<key>TARGETED_DEVICE_FAMILY</key>
				<string>1,2</string>
			</dict>
			<key>isa</key>
			<string>XCBuildConfiguration</string>
			<key>name</key>
			<string>Debug</string>
		</dict>
		<key>BA4F8E0019C7739300C816E3</key>
		<dict>
			<key>buildSettings</key>
			<dict>
				<key>ALWAYS_SEARCH_USER_PATHS</key>
				<string>NO</string>
				<key>CLANG_CXX_LANGUAGE_STANDARD</key>
				<string>gnu++0x</string>
				<key>CLANG_CXX_LIBRARY</key>
				<string>libc++</string>
				<key>CLANG_ENABLE_MODULES</key>
				<string>YES</string>
				<key>CLANG_ENABLE_OBJC_ARC</key>
				<string>YES</string>
				<key>CLANG_WARN_BOOL_CONVERSION</key>
				<string>YES</string>
				<key>CLANG_WARN_CONSTANT_CONVERSION</key>
				<string>YES</string>
				<key>CLANG_WARN_DIRECT_OBJC_ISA_USAGE</key>
				<string>YES_ERROR</string>
				<key>CLANG_WARN_EMPTY_BODY</key>
				<string>YES</string>
				<key>CLANG_WARN_ENUM_CONVERSION</key>
				<string>YES</string>
				<key>CLANG_WARN_INT_CONVERSION</key>
				<string>YES</string>
				<key>CLANG_WARN_OBJC_ROOT_CLASS</key>
				<string>YES_ERROR</string>
				<key>CLANG_WARN__DUPLICATE_METHOD_MATCH</key>
				<string>YES</string>
				<key>CODE_SIGN_IDENTITY[sdk=iphoneos*]</key>
				<string>iPhone Developer</string>
				<key>COPY_PHASE_STRIP</key>
				<string>YES</string>
				<key>ENABLE_NS_ASSERTIONS</key>
				<string>NO</string>
				<key>GCC_C_LANGUAGE_STANDARD</key>
				<string>gnu99</string>
				<key>GCC_WARN_64_TO_32_BIT_CONVERSION</key>
				<string>YES</string>
				<key>GCC_WARN_ABOUT_RETURN_TYPE</key>
				<string>YES_ERROR</string>
				<key>GCC_WARN_UNDECLARED_SELECTOR</key>
				<string>YES</string>
				<key>GCC_WARN_UNINITIALIZED_AUTOS</key>
				<string>YES_AGGRESSIVE</string>
				<key>GCC_WARN_UNUSED_FUNCTION</key>
				<string>YES</string>
				<key>GCC_WARN_UNUSED_VARIABLE</key>
				<string>YES</string>
				<key>IPHONEOS_DEPLOYMENT_TARGET</key>
				<string>7.1</string>
				<key>SDKROOT</key>
				<string>iphoneos</string>
				<key>TARGETED_DEVICE_FAMILY</key>
				<string>1,2</string>
				<key>VALIDATE_PRODUCT</key>
				<string>YES</string>
			</dict>
			<key>isa</key>
			<string>XCBuildConfiguration</string>
			<key>name</key>
			<string>Release</string>
		</dict>
		<key>BA4F8E0119C7739300C816E3</key>
		<dict>
			<key>buildConfigurations</key>
			<array>
				<string>BA4F8E0219C7739300C816E3</string>
				<string>BA4F8E0319C7739300C816E3</string>
			</array>
			<key>defaultConfigurationIsVisible</key>
			<string>0</string>
			<key>isa</key>
			<string>XCConfigurationList</string>
		</dict>
		<key>BA4F8E0219C7739300C816E3</key>
		<dict>
			<key>baseConfigurationReference</key>
			<string>94DA147371834FC199109DD7</string>
			<key>buildSettings</key>
			<dict>
				<key>ASSETCATALOG_COMPILER_APPICON_NAME</key>
				<string>AppIcon</string>
				<key>ASSETCATALOG_COMPILER_LAUNCHIMAGE_NAME</key>
				<string>LaunchImage</string>
				<key>GCC_PRECOMPILE_PREFIX_HEADER</key>
				<string>YES</string>
				<key>GCC_PREFIX_HEADER</key>
				<string>Watershed/Watershed-Prefix.pch</string>
				<key>INFOPLIST_FILE</key>
				<string>Watershed/Watershed-Info.plist</string>
				<key>PRODUCT_NAME</key>
				<string>$(TARGET_NAME)</string>
				<key>WRAPPER_EXTENSION</key>
				<string>app</string>
			</dict>
			<key>isa</key>
			<string>XCBuildConfiguration</string>
			<key>name</key>
			<string>Debug</string>
		</dict>
		<key>BA4F8E0319C7739300C816E3</key>
		<dict>
			<key>baseConfigurationReference</key>
			<string>94DA147371834FC199109DD7</string>
			<key>buildSettings</key>
			<dict>
				<key>ASSETCATALOG_COMPILER_APPICON_NAME</key>
				<string>AppIcon</string>
				<key>ASSETCATALOG_COMPILER_LAUNCHIMAGE_NAME</key>
				<string>LaunchImage</string>
				<key>GCC_PRECOMPILE_PREFIX_HEADER</key>
				<string>YES</string>
				<key>GCC_PREFIX_HEADER</key>
				<string>Watershed/Watershed-Prefix.pch</string>
				<key>INFOPLIST_FILE</key>
				<string>Watershed/Watershed-Info.plist</string>
				<key>PRODUCT_NAME</key>
				<string>$(TARGET_NAME)</string>
				<key>WRAPPER_EXTENSION</key>
				<string>app</string>
			</dict>
			<key>isa</key>
			<string>XCBuildConfiguration</string>
			<key>name</key>
			<string>Release</string>
		</dict>
		<key>BA4F8E0419C7739300C816E3</key>
		<dict>
			<key>buildConfigurations</key>
			<array>
				<string>BA4F8E0519C7739300C816E3</string>
				<string>BA4F8E0619C7739300C816E3</string>
			</array>
			<key>defaultConfigurationIsVisible</key>
			<string>0</string>
			<key>isa</key>
			<string>XCConfigurationList</string>
		</dict>
		<key>BA4F8E0519C7739300C816E3</key>
		<dict>
			<key>buildSettings</key>
			<dict>
				<key>BUNDLE_LOADER</key>
				<string>$(BUILT_PRODUCTS_DIR)/Watershed.app/Watershed</string>
				<key>FRAMEWORK_SEARCH_PATHS</key>
				<array>
					<string>$(SDKROOT)/Developer/Library/Frameworks</string>
					<string>$(inherited)</string>
					<string>$(DEVELOPER_FRAMEWORKS_DIR)</string>
				</array>
				<key>GCC_PRECOMPILE_PREFIX_HEADER</key>
				<string>YES</string>
				<key>GCC_PREFIX_HEADER</key>
				<string>Watershed/Watershed-Prefix.pch</string>
				<key>GCC_PREPROCESSOR_DEFINITIONS</key>
				<array>
					<string>DEBUG=1</string>
					<string>$(inherited)</string>
				</array>
				<key>INFOPLIST_FILE</key>
				<string>WatershedTests/WatershedTests-Info.plist</string>
				<key>PRODUCT_NAME</key>
				<string>$(TARGET_NAME)</string>
				<key>TEST_HOST</key>
				<string>$(BUNDLE_LOADER)</string>
				<key>WRAPPER_EXTENSION</key>
				<string>xctest</string>
			</dict>
			<key>isa</key>
			<string>XCBuildConfiguration</string>
			<key>name</key>
			<string>Debug</string>
		</dict>
		<key>BA4F8E0619C7739300C816E3</key>
		<dict>
			<key>buildSettings</key>
			<dict>
				<key>BUNDLE_LOADER</key>
				<string>$(BUILT_PRODUCTS_DIR)/Watershed.app/Watershed</string>
				<key>FRAMEWORK_SEARCH_PATHS</key>
				<array>
					<string>$(SDKROOT)/Developer/Library/Frameworks</string>
					<string>$(inherited)</string>
					<string>$(DEVELOPER_FRAMEWORKS_DIR)</string>
				</array>
				<key>GCC_PRECOMPILE_PREFIX_HEADER</key>
				<string>YES</string>
				<key>GCC_PREFIX_HEADER</key>
				<string>Watershed/Watershed-Prefix.pch</string>
				<key>INFOPLIST_FILE</key>
				<string>WatershedTests/WatershedTests-Info.plist</string>
				<key>PRODUCT_NAME</key>
				<string>$(TARGET_NAME)</string>
				<key>TEST_HOST</key>
				<string>$(BUNDLE_LOADER)</string>
				<key>WRAPPER_EXTENSION</key>
				<string>xctest</string>
			</dict>
			<key>isa</key>
			<string>XCBuildConfiguration</string>
			<key>name</key>
			<string>Release</string>
		</dict>
		<key>D22910C603D04BEBA4C3EA0D</key>
		<dict>
			<key>buildActionMask</key>
			<string>2147483647</string>
			<key>files</key>
			<array/>
			<key>inputPaths</key>
			<array/>
			<key>isa</key>
			<string>PBXShellScriptBuildPhase</string>
			<key>name</key>
			<string>Check Pods Manifest.lock</string>
			<key>outputPaths</key>
			<array/>
			<key>runOnlyForDeploymentPostprocessing</key>
			<string>0</string>
			<key>shellPath</key>
			<string>/bin/sh</string>
			<key>shellScript</key>
			<string>diff "${PODS_ROOT}/../Podfile.lock" "${PODS_ROOT}/Manifest.lock" &gt; /dev/null
if [[ $? != 0 ]] ; then
    cat &lt;&lt; EOM
error: The sandbox is not in sync with the Podfile.lock. Run 'pod install' or update your CocoaPods installation.
EOM
    exit 1
fi
</string>
			<key>showEnvVarsInLog</key>
			<string>0</string>
		</dict>
	</dict>
	<key>rootObject</key>
	<string>BA4F8DC419C7739300C816E3</string>
</dict>
</plist>
