PODS:
  - AFNetworking (2.5.0):
    - AFNetworking/NSURLConnection
    - AFNetworking/NSURLSession
    - AFNetworking/Reachability
    - AFNetworking/Security
    - AFNetworking/Serialization
    - AFNetworking/UIKit
  - AFNetworking/NSURLConnection (2.5.0):
    - AFNetworking/Reachability
    - AFNetworking/Security
    - AFNetworking/Serialization
  - AFNetworking/NSURLSession (2.5.0):
    - AFNetworking/Reachability
    - AFNetworking/Security
    - AFNetworking/Serialization
  - AFNetworking/Reachability (2.5.0)
  - AFNetworking/Security (2.5.0)
  - AFNetworking/Serialization (2.5.0)
  - AFNetworking/UIKit (2.5.0):
    - AFNetworking/NSURLConnection
    - AFNetworking/NSURLSession
  - Bolts (1.1.5):
    - Bolts/AppLinks
    - Bolts/Tasks
  - Bolts/AppLinks (1.1.5):
    - Bolts/Tasks
  - Bolts/Tasks (1.1.5)
  - BSKeyboardControls (2.2)
  - Facebook-iOS-SDK (3.21.1):
    - Bolts (~> 1.0)
  - FontAwesomeKit (2.1.9):
    - FontAwesomeKit/Core
    - FontAwesomeKit/FontAwesome
    - FontAwesomeKit/FoundationIcons
    - FontAwesomeKit/IonIcons
    - FontAwesomeKit/Zocial
  - FontAwesomeKit/Core (2.1.9)
  - FontAwesomeKit/FontAwesome (2.1.9):
    - FontAwesomeKit/Core
  - FontAwesomeKit/FoundationIcons (2.1.9):
    - FontAwesomeKit/Core
  - FontAwesomeKit/IonIcons (2.1.9):
    - FontAwesomeKit/Core
  - FontAwesomeKit/Zocial (2.1.9):
    - FontAwesomeKit/Core
  - Mantle (1.5.1):
    - Mantle/extobjc
  - Mantle/extobjc (1.5.1)
  - Masonry (0.5.3)
  - UICKeyChainStore (1.1.0)
  - UIImage+BlurredFrame (0.0.4)

DEPENDENCIES:
  - AFNetworking (~> 2.0)
  - BSKeyboardControls (~> 2.2)
  - Facebook-iOS-SDK
  - FontAwesomeKit (from `https://github.com/PrideChung/FontAwesomeKit.git`)
  - Mantle
  - Masonry
  - UICKeyChainStore
  - UIImage+BlurredFrame

EXTERNAL SOURCES:
  FontAwesomeKit:
    :git: https://github.com/PrideChung/FontAwesomeKit.git

SPEC CHECKSUMS:
  AFNetworking: 96ac9bf3eda33582701cb1fcc5b896aa1e20311e
  Bolts: aac24961496d504aa56fc267cde95162a71bac39
  BSKeyboardControls: b701935e789961102e3f20063bba7185800a2d3f
  Facebook-iOS-SDK: 20e413a6e34f9155d7a34484e0c08247fae3e47f
  FontAwesomeKit: f8fb420a8ce4f234fc17d9a022c26de77a399924
  Mantle: 1ec9076f091f3a2f95cb2c94939e92dba35c97e1
  Masonry: 9f515466afe48632562342a40a1c224071a1a022
  UICKeyChainStore: 4a061e4e26bd5a69b3ec7e08e0fe471e6f7c0068
  UIImage+BlurredFrame: ad2f7195c6947ea3117c7d202f75a51958d5061a

COCOAPODS: 0.34.4
